
Microsoft Visual Studio Solution File, Format Version 12.00
# Visual Studio Version 17
VisualStudioVersion = 17.6.33815.320
MinimumVisualStudioVersion = 10.0.40219.1
Project("{9A19103F-16F7-4668-BE54-9A1E7A4F7556}") = "RedsunLibrary", "RedsunLibrary\RedsunLibrary.csproj", "{3C1B29EF-0360-4399-8D32-52DDDE0027E1}"
EndProject
Project("{2150E333-8FDC-42A3-9474-1A3956D46DE8}") = "00_솔루션 항목", "00_솔루션 항목", "{9EDFE315-3465-4881-B6ED-CF067DBD3C5C}"
	ProjectSection(SolutionItems) = preProject
		Directory.Build.props = Directory.Build.props
		Project.Common.props = Project.Common.props
	EndProjectSection
EndProject
Project("{2150E333-8FDC-42A3-9474-1A3956D46DE8}") = "01_CSCommon", "01_CSCommon", "{CAC12E94-7D9D-4511-8082-A3565E09CB16}"
EndProject
Project("{8BC9CEB8-8B4A-11D0-8D11-00A0C91BC942}") = "ProtocolBuilder", "ProtocolBuilder\ProtocolBuilder.vcxproj", "{F5966E48-2F58-401C-B1FB-45125699C05B}"
EndProject
Project("{9A19103F-16F7-4668-BE54-9A1E7A4F7556}") = "Protocol.Net", "Protocol.Net\Protocol.Net.csproj", "{2BA1FB10-CA84-40C1-8FDF-80F2C81B3156}"
EndProject
Project("{2150E333-8FDC-42A3-9474-1A3956D46DE8}") = "90_Client", "90_Client", "{4D5864F7-FABC-4F3F-92C2-025CFB938450}"
EndProject
Project("{9A19103F-16F7-4668-BE54-9A1E7A4F7556}") = "RedsunClient", "RedsunClient\RedsunClient.csproj", "{ACD3FE8C-3AFC-4A6F-8C12-251E1AD2244F}"
EndProject
Global
	GlobalSection(SolutionConfigurationPlatforms) = preSolution
		Debug|Any CPU = Debug|Any CPU
		Debug|x64 = Debug|x64
		Debug|x86 = Debug|x86
		Release|Any CPU = Release|Any CPU
		Release|x64 = Release|x64
		Release|x86 = Release|x86
	EndGlobalSection
	GlobalSection(ProjectConfigurationPlatforms) = postSolution
		{3C1B29EF-0360-4399-8D32-52DDDE0027E1}.Debug|Any CPU.ActiveCfg = Debug|Any CPU
		{3C1B29EF-0360-4399-8D32-52DDDE0027E1}.Debug|Any CPU.Build.0 = Debug|Any CPU
		{3C1B29EF-0360-4399-8D32-52DDDE0027E1}.Debug|x64.ActiveCfg = Debug|Any CPU
		{3C1B29EF-0360-4399-8D32-52DDDE0027E1}.Debug|x64.Build.0 = Debug|Any CPU
		{3C1B29EF-0360-4399-8D32-52DDDE0027E1}.Debug|x86.ActiveCfg = Debug|Any CPU
		{3C1B29EF-0360-4399-8D32-52DDDE0027E1}.Debug|x86.Build.0 = Debug|Any CPU
		{3C1B29EF-0360-4399-8D32-52DDDE0027E1}.Release|Any CPU.ActiveCfg = Release|Any CPU
		{3C1B29EF-0360-4399-8D32-52DDDE0027E1}.Release|Any CPU.Build.0 = Release|Any CPU
		{3C1B29EF-0360-4399-8D32-52DDDE0027E1}.Release|x64.ActiveCfg = Release|Any CPU
		{3C1B29EF-0360-4399-8D32-52DDDE0027E1}.Release|x64.Build.0 = Release|Any CPU
		{3C1B29EF-0360-4399-8D32-52DDDE0027E1}.Release|x86.ActiveCfg = Release|Any CPU
		{3C1B29EF-0360-4399-8D32-52DDDE0027E1}.Release|x86.Build.0 = Release|Any CPU
		{F5966E48-2F58-401C-B1FB-45125699C05B}.Debug|Any CPU.ActiveCfg = Debug|x64
		{F5966E48-2F58-401C-B1FB-45125699C05B}.Debug|Any CPU.Build.0 = Debug|x64
		{F5966E48-2F58-401C-B1FB-45125699C05B}.Debug|x64.ActiveCfg = Debug|x64
		{F5966E48-2F58-401C-B1FB-45125699C05B}.Debug|x64.Build.0 = Debug|x64
		{F5966E48-2F58-401C-B1FB-45125699C05B}.Debug|x86.ActiveCfg = Debug|Win32
		{F5966E48-2F58-401C-B1FB-45125699C05B}.Debug|x86.Build.0 = Debug|Win32
		{F5966E48-2F58-401C-B1FB-45125699C05B}.Release|Any CPU.ActiveCfg = Release|x64
		{F5966E48-2F58-401C-B1FB-45125699C05B}.Release|Any CPU.Build.0 = Release|x64
		{F5966E48-2F58-401C-B1FB-45125699C05B}.Release|x64.ActiveCfg = Release|x64
		{F5966E48-2F58-401C-B1FB-45125699C05B}.Release|x64.Build.0 = Release|x64
		{F5966E48-2F58-401C-B1FB-45125699C05B}.Release|x86.ActiveCfg = Release|Win32
		{F5966E48-2F58-401C-B1FB-45125699C05B}.Release|x86.Build.0 = Release|Win32
		{2BA1FB10-CA84-40C1-8FDF-80F2C81B3156}.Debug|Any CPU.ActiveCfg = Debug|Any CPU
		{2BA1FB10-CA84-40C1-8FDF-80F2C81B3156}.Debug|Any CPU.Build.0 = Debug|Any CPU
		{2BA1FB10-CA84-40C1-8FDF-80F2C81B3156}.Debug|x64.ActiveCfg = Debug|Any CPU
		{2BA1FB10-CA84-40C1-8FDF-80F2C81B3156}.Debug|x64.Build.0 = Debug|Any CPU
		{2BA1FB10-CA84-40C1-8FDF-80F2C81B3156}.Debug|x86.ActiveCfg = Debug|Any CPU
		{2BA1FB10-CA84-40C1-8FDF-80F2C81B3156}.Debug|x86.Build.0 = Debug|Any CPU
		{2BA1FB10-CA84-40C1-8FDF-80F2C81B3156}.Release|Any CPU.ActiveCfg = Release|Any CPU
		{2BA1FB10-CA84-40C1-8FDF-80F2C81B3156}.Release|Any CPU.Build.0 = Release|Any CPU
		{2BA1FB10-CA84-40C1-8FDF-80F2C81B3156}.Release|x64.ActiveCfg = Release|Any CPU
		{2BA1FB10-CA84-40C1-8FDF-80F2C81B3156}.Release|x64.Build.0 = Release|Any CPU
		{2BA1FB10-CA84-40C1-8FDF-80F2C81B3156}.Release|x86.ActiveCfg = Release|Any CPU
		{2BA1FB10-CA84-40C1-8FDF-80F2C81B3156}.Release|x86.Build.0 = Release|Any CPU
		{ACD3FE8C-3AFC-4A6F-8C12-251E1AD2244F}.Debug|Any CPU.ActiveCfg = Debug|Any CPU
		{ACD3FE8C-3AFC-4A6F-8C12-251E1AD2244F}.Debug|Any CPU.Build.0 = Debug|Any CPU
		{ACD3FE8C-3AFC-4A6F-8C12-251E1AD2244F}.Debug|x64.ActiveCfg = Debug|Any CPU
		{ACD3FE8C-3AFC-4A6F-8C12-251E1AD2244F}.Debug|x64.Build.0 = Debug|Any CPU
		{ACD3FE8C-3AFC-4A6F-8C12-251E1AD2244F}.Debug|x86.ActiveCfg = Debug|Any CPU
		{ACD3FE8C-3AFC-4A6F-8C12-251E1AD2244F}.Debug|x86.Build.0 = Debug|Any CPU
		{ACD3FE8C-3AFC-4A6F-8C12-251E1AD2244F}.Release|Any CPU.ActiveCfg = Release|Any CPU
		{ACD3FE8C-3AFC-4A6F-8C12-251E1AD2244F}.Release|Any CPU.Build.0 = Release|Any CPU
		{ACD3FE8C-3AFC-4A6F-8C12-251E1AD2244F}.Release|x64.ActiveCfg = Release|Any CPU
		{ACD3FE8C-3AFC-4A6F-8C12-251E1AD2244F}.Release|x64.Build.0 = Release|Any CPU
		{ACD3FE8C-3AFC-4A6F-8C12-251E1AD2244F}.Release|x86.ActiveCfg = Release|Any CPU
		{ACD3FE8C-3AFC-4A6F-8C12-251E1AD2244F}.Release|x86.Build.0 = Release|Any CPU
	EndGlobalSection
	GlobalSection(SolutionProperties) = preSolution
		HideSolutionNode = FALSE
	EndGlobalSection
	GlobalSection(NestedProjects) = preSolution
		{F5966E48-2F58-401C-B1FB-45125699C05B} = {CAC12E94-7D9D-4511-8082-A3565E09CB16}
		{2BA1FB10-CA84-40C1-8FDF-80F2C81B3156} = {CAC12E94-7D9D-4511-8082-A3565E09CB16}
		{ACD3FE8C-3AFC-4A6F-8C12-251E1AD2244F} = {4D5864F7-FABC-4F3F-92C2-025CFB938450}
	EndGlobalSection
	GlobalSection(ExtensibilityGlobals) = postSolution
		SolutionGuid = {78D6B2EA-68A3-438F-9386-7A328D8D5EFF}
	EndGlobalSection
EndGlobal
